
Microsoft Visual Studio Solution File, Format Version 12.00
# Visual Studio Version 16
VisualStudioVersion = 16.0.31613.86
MinimumVisualStudioVersion = 10.0.40219.1
Project("{FAE04EC0-301F-11D3-BF4B-00C04F79EFBC}") = "CalculatorProject", "CalculatorProject\CalculatorProject.csproj", "{09F7A996-8151-4ABE-8147-F93065E1126E}"
EndProject
Project("{9A19103F-16F7-4668-BE54-9A1E7A4F7556}") = "OperationsLib", "OperationsLib\OperationsLib.csproj", "{FDFF6EAA-F946-47FB-9B5D-EEF201F011F1}"
EndProject
Global
	GlobalSection(SolutionConfigurationPlatforms) = preSolution
		Debug|Any CPU = Debug|Any CPU
		Release|Any CPU = Release|Any CPU
	EndGlobalSection
	GlobalSection(ProjectConfigurationPlatforms) = postSolution
		{09F7A996-8151-4ABE-8147-F93065E1126E}.Debug|Any CPU.ActiveCfg = Debug|Any CPU
		{09F7A996-8151-4ABE-8147-F93065E1126E}.Debug|Any CPU.Build.0 = Debug|Any CPU
		{09F7A996-8151-4ABE-8147-F93065E1126E}.Release|Any CPU.ActiveCfg = Release|Any CPU
		{09F7A996-8151-4ABE-8147-F93065E1126E}.Release|Any CPU.Build.0 = Release|Any CPU
		{FDFF6EAA-F946-47FB-9B5D-EEF201F011F1}.Debug|Any CPU.ActiveCfg = Debug|Any CPU
		{FDFF6EAA-F946-47FB-9B5D-EEF201F011F1}.Debug|Any CPU.Build.0 = Debug|Any CPU
		{FDFF6EAA-F946-47FB-9B5D-EEF201F011F1}.Release|Any CPU.ActiveCfg = Release|Any CPU
		{FDFF6EAA-F946-47FB-9B5D-EEF201F011F1}.Release|Any CPU.Build.0 = Release|Any CPU
	EndGlobalSection
	GlobalSection(SolutionProperties) = preSolution
		HideSolutionNode = FALSE
	EndGlobalSection
	GlobalSection(ExtensibilityGlobals) = postSolution
		SolutionGuid = {BCF65B2B-1AA0-4080-AFBD-97793A4AAEDB}
	EndGlobalSection
EndGlobal
