
Microsoft Visual Studio Solution File, Format Version 12.00
# Visual Studio Version 16
VisualStudioVersion = 16.0.31613.86
MinimumVisualStudioVersion = 10.0.40219.1
Project("{FAE04EC0-301F-11D3-BF4B-00C04F79EFBC}") = "OperationsLibrary", "OperationsLibrary\OperationsLibrary.csproj", "{9C0123D6-4BAB-4241-8AB7-F9A8CFD39FAA}"
EndProject
Global
	GlobalSection(SolutionConfigurationPlatforms) = preSolution
		Debug|Any CPU = Debug|Any CPU
		Release|Any CPU = Release|Any CPU
	EndGlobalSection
	GlobalSection(ProjectConfigurationPlatforms) = postSolution
		{9C0123D6-4BAB-4241-8AB7-F9A8CFD39FAA}.Debug|Any CPU.ActiveCfg = Debug|Any CPU
		{9C0123D6-4BAB-4241-8AB7-F9A8CFD39FAA}.Debug|Any CPU.Build.0 = Debug|Any CPU
		{9C0123D6-4BAB-4241-8AB7-F9A8CFD39FAA}.Release|Any CPU.ActiveCfg = Release|Any CPU
		{9C0123D6-4BAB-4241-8AB7-F9A8CFD39FAA}.Release|Any CPU.Build.0 = Release|Any CPU
	EndGlobalSection
	GlobalSection(SolutionProperties) = preSolution
		HideSolutionNode = FALSE
	EndGlobalSection
	GlobalSection(ExtensibilityGlobals) = postSolution
		SolutionGuid = {39B56226-9227-4CBD-B39A-3F26414D8FFA}
	EndGlobalSection
EndGlobal
